// !$*UTF8*$!
{
	archiveVersion = 1;
	classes = {
	};
	objectVersion = 51;
	objects = {

/* Begin PBXBuildFile section */
		6C6AFC578E01756867CB7E2B /* Pods_ReDoCTA.framework in Frameworks */ = {isa = PBXBuildFile; fileRef = 09234D911A298B9FE134A1F4 /* Pods_ReDoCTA.framework */; };
		7CEC1DAACD2832A8C7BEA5D8 /* Pods_ReDoCTATests.framework in Frameworks */ = {isa = PBXBuildFile; fileRef = A75075724C22E0F17C241F5F /* Pods_ReDoCTATests.framework */; };
		855556812405B5C400839CD0 /* ThingsOnlineTableViewCell.swift in Sources */ = {isa = PBXBuildFile; fileRef = 855556802405B5C400839CD0 /* ThingsOnlineTableViewCell.swift */; };
		855556832405B65100839CD0 /* DetailViewController.swift in Sources */ = {isa = PBXBuildFile; fileRef = 855556822405B65100839CD0 /* DetailViewController.swift */; };
		85594DE523FEE79600F0B0D1 /* AppDelegate.swift in Sources */ = {isa = PBXBuildFile; fileRef = 85594DE423FEE79600F0B0D1 /* AppDelegate.swift */; };
		85594DE723FEE79600F0B0D1 /* SceneDelegate.swift in Sources */ = {isa = PBXBuildFile; fileRef = 85594DE623FEE79600F0B0D1 /* SceneDelegate.swift */; };
		85594DE923FEE79600F0B0D1 /* LogIn.swift in Sources */ = {isa = PBXBuildFile; fileRef = 85594DE823FEE79600F0B0D1 /* LogIn.swift */; };
		85594DEF23FEE79600F0B0D1 /* ReDoCTA.xcdatamodeld in Sources */ = {isa = PBXBuildFile; fileRef = 85594DED23FEE79600F0B0D1 /* ReDoCTA.xcdatamodeld */; };
		85594DF123FEE79E00F0B0D1 /* Assets.xcassets in Resources */ = {isa = PBXBuildFile; fileRef = 85594DF023FEE79E00F0B0D1 /* Assets.xcassets */; };
		85594DF423FEE79E00F0B0D1 /* LaunchScreen.storyboard in Resources */ = {isa = PBXBuildFile; fileRef = 85594DF223FEE79E00F0B0D1 /* LaunchScreen.storyboard */; };
		85594DFF23FEE79E00F0B0D1 /* ReDoCTATests.swift in Sources */ = {isa = PBXBuildFile; fileRef = 85594DFE23FEE79E00F0B0D1 /* ReDoCTATests.swift */; };
		85594E0A23FEE93D00F0B0D1 /* Secrets.swift in Sources */ = {isa = PBXBuildFile; fileRef = 85594E0923FEE93D00F0B0D1 /* Secrets.swift */; };
		85594E0C23FEEB6A00F0B0D1 /* GoogleService-Info.plist in Resources */ = {isa = PBXBuildFile; fileRef = 85594E0B23FEEB6A00F0B0D1 /* GoogleService-Info.plist */; };
		85594E1123FEEEBB00F0B0D1 /* User.swift in Sources */ = {isa = PBXBuildFile; fileRef = 85594E1023FEEEBB00F0B0D1 /* User.swift */; };
		85594E1323FEEEE800F0B0D1 /* Alert.swift in Sources */ = {isa = PBXBuildFile; fileRef = 85594E1223FEEEE800F0B0D1 /* Alert.swift */; };
		85EF837423FEF63400F9AF77 /* UpdateUserData.swift in Sources */ = {isa = PBXBuildFile; fileRef = 85EF837323FEF63400F9AF77 /* UpdateUserData.swift */; };
		85EF837623FEF75400F9AF77 /* TabBar.swift in Sources */ = {isa = PBXBuildFile; fileRef = 85EF837523FEF75400F9AF77 /* TabBar.swift */; };
		85EF837923FEF7DC00F9AF77 /* FirebaseAuth.swift in Sources */ = {isa = PBXBuildFile; fileRef = 85EF837823FEF7DC00F9AF77 /* FirebaseAuth.swift */; };
		85EF837B23FEF7E900F9AF77 /* FirebaseService.swift in Sources */ = {isa = PBXBuildFile; fileRef = 85EF837A23FEF7E900F9AF77 /* FirebaseService.swift */; };
		85EF837D23FEF89600F9AF77 /* FavoriteViewController.swift in Sources */ = {isa = PBXBuildFile; fileRef = 85EF837C23FEF89600F9AF77 /* FavoriteViewController.swift */; };
		85EF837F23FEF8BB00F9AF77 /* ThingsFromOnlineViewController.swift in Sources */ = {isa = PBXBuildFile; fileRef = 85EF837E23FEF8BB00F9AF77 /* ThingsFromOnlineViewController.swift */; };
		85EF838123FEFA8D00F9AF77 /* CreateAccountViewController.swift in Sources */ = {isa = PBXBuildFile; fileRef = 85EF838023FEFA8D00F9AF77 /* CreateAccountViewController.swift */; };
		85EF838323FEFAAE00F9AF77 /* API.swift in Sources */ = {isa = PBXBuildFile; fileRef = 85EF838223FEFAAE00F9AF77 /* API.swift */; };
		85EF838723FEFBBF00F9AF77 /* NetworkHelper.swift in Sources */ = {isa = PBXBuildFile; fileRef = 85EF838623FEFBBF00F9AF77 /* NetworkHelper.swift */; };
		85EF838923FEFBC900F9AF77 /* ImageHelper.swift in Sources */ = {isa = PBXBuildFile; fileRef = 85EF838823FEFBC900F9AF77 /* ImageHelper.swift */; };
		85EF838D23FEFEB000F9AF77 /* rijks.json in Resources */ = {isa = PBXBuildFile; fileRef = 85EF838C23FEFEB000F9AF77 /* rijks.json */; };
		85EF838F23FF330800F9AF77 /* LoginView.swift in Sources */ = {isa = PBXBuildFile; fileRef = 85EF838E23FF330800F9AF77 /* LoginView.swift */; };
/* End PBXBuildFile section */

/* Begin PBXContainerItemProxy section */
		85594DFB23FEE79E00F0B0D1 /* PBXContainerItemProxy */ = {
			isa = PBXContainerItemProxy;
			containerPortal = 85594DD923FEE79600F0B0D1 /* Project object */;
			proxyType = 1;
			remoteGlobalIDString = 85594DE023FEE79600F0B0D1;
			remoteInfo = ReDoCTA;
		};
/* End PBXContainerItemProxy section */

/* Begin PBXFileReference section */
		09234D911A298B9FE134A1F4 /* Pods_ReDoCTA.framework */ = {isa = PBXFileReference; explicitFileType = wrapper.framework; includeInIndex = 0; path = Pods_ReDoCTA.framework; sourceTree = BUILT_PRODUCTS_DIR; };
		70971F648B1AD8532DD74811 /* Pods-ReDoCTATests.release.xcconfig */ = {isa = PBXFileReference; includeInIndex = 1; lastKnownFileType = text.xcconfig; name = "Pods-ReDoCTATests.release.xcconfig"; path = "Target Support Files/Pods-ReDoCTATests/Pods-ReDoCTATests.release.xcconfig"; sourceTree = "<group>"; };
		855556802405B5C400839CD0 /* ThingsOnlineTableViewCell.swift */ = {isa = PBXFileReference; lastKnownFileType = sourcecode.swift; path = ThingsOnlineTableViewCell.swift; sourceTree = "<group>"; };
		855556822405B65100839CD0 /* DetailViewController.swift */ = {isa = PBXFileReference; lastKnownFileType = sourcecode.swift; path = DetailViewController.swift; sourceTree = "<group>"; };
		85594DE123FEE79600F0B0D1 /* ReDoCTA.app */ = {isa = PBXFileReference; explicitFileType = wrapper.application; includeInIndex = 0; path = ReDoCTA.app; sourceTree = BUILT_PRODUCTS_DIR; };
		85594DE423FEE79600F0B0D1 /* AppDelegate.swift */ = {isa = PBXFileReference; lastKnownFileType = sourcecode.swift; path = AppDelegate.swift; sourceTree = "<group>"; };
		85594DE623FEE79600F0B0D1 /* SceneDelegate.swift */ = {isa = PBXFileReference; lastKnownFileType = sourcecode.swift; path = SceneDelegate.swift; sourceTree = "<group>"; };
		85594DE823FEE79600F0B0D1 /* LogIn.swift */ = {isa = PBXFileReference; lastKnownFileType = sourcecode.swift; path = LogIn.swift; sourceTree = "<group>"; };
		85594DEE23FEE79600F0B0D1 /* ReDoCTA.xcdatamodel */ = {isa = PBXFileReference; lastKnownFileType = wrapper.xcdatamodel; path = ReDoCTA.xcdatamodel; sourceTree = "<group>"; };
		85594DF023FEE79E00F0B0D1 /* Assets.xcassets */ = {isa = PBXFileReference; lastKnownFileType = folder.assetcatalog; path = Assets.xcassets; sourceTree = "<group>"; };
		85594DF323FEE79E00F0B0D1 /* Base */ = {isa = PBXFileReference; lastKnownFileType = file.storyboard; name = Base; path = Base.lproj/LaunchScreen.storyboard; sourceTree = "<group>"; };
		85594DF523FEE79E00F0B0D1 /* Info.plist */ = {isa = PBXFileReference; lastKnownFileType = text.plist.xml; path = Info.plist; sourceTree = "<group>"; };
		85594DFA23FEE79E00F0B0D1 /* ReDoCTATests.xctest */ = {isa = PBXFileReference; explicitFileType = wrapper.cfbundle; includeInIndex = 0; path = ReDoCTATests.xctest; sourceTree = BUILT_PRODUCTS_DIR; };
		85594DFE23FEE79E00F0B0D1 /* ReDoCTATests.swift */ = {isa = PBXFileReference; lastKnownFileType = sourcecode.swift; path = ReDoCTATests.swift; sourceTree = "<group>"; };
		85594E0023FEE79E00F0B0D1 /* Info.plist */ = {isa = PBXFileReference; lastKnownFileType = text.plist.xml; path = Info.plist; sourceTree = "<group>"; };
		85594E0923FEE93D00F0B0D1 /* Secrets.swift */ = {isa = PBXFileReference; lastKnownFileType = sourcecode.swift; path = Secrets.swift; sourceTree = "<group>"; };
		85594E0B23FEEB6A00F0B0D1 /* GoogleService-Info.plist */ = {isa = PBXFileReference; fileEncoding = 4; lastKnownFileType = text.plist.xml; path = "GoogleService-Info.plist"; sourceTree = "<group>"; };
		85594E1023FEEEBB00F0B0D1 /* User.swift */ = {isa = PBXFileReference; lastKnownFileType = sourcecode.swift; path = User.swift; sourceTree = "<group>"; };
		85594E1223FEEEE800F0B0D1 /* Alert.swift */ = {isa = PBXFileReference; lastKnownFileType = sourcecode.swift; path = Alert.swift; sourceTree = "<group>"; };
		85EF837323FEF63400F9AF77 /* UpdateUserData.swift */ = {isa = PBXFileReference; lastKnownFileType = sourcecode.swift; path = UpdateUserData.swift; sourceTree = "<group>"; };
		85EF837523FEF75400F9AF77 /* TabBar.swift */ = {isa = PBXFileReference; lastKnownFileType = sourcecode.swift; path = TabBar.swift; sourceTree = "<group>"; };
		85EF837823FEF7DC00F9AF77 /* FirebaseAuth.swift */ = {isa = PBXFileReference; lastKnownFileType = sourcecode.swift; path = FirebaseAuth.swift; sourceTree = "<group>"; };
		85EF837A23FEF7E900F9AF77 /* FirebaseService.swift */ = {isa = PBXFileReference; lastKnownFileType = sourcecode.swift; path = FirebaseService.swift; sourceTree = "<group>"; };
		85EF837C23FEF89600F9AF77 /* FavoriteViewController.swift */ = {isa = PBXFileReference; lastKnownFileType = sourcecode.swift; path = FavoriteViewController.swift; sourceTree = "<group>"; };
		85EF837E23FEF8BB00F9AF77 /* ThingsFromOnlineViewController.swift */ = {isa = PBXFileReference; lastKnownFileType = sourcecode.swift; path = ThingsFromOnlineViewController.swift; sourceTree = "<group>"; };
		85EF838023FEFA8D00F9AF77 /* CreateAccountViewController.swift */ = {isa = PBXFileReference; lastKnownFileType = sourcecode.swift; path = CreateAccountViewController.swift; sourceTree = "<group>"; };
		85EF838223FEFAAE00F9AF77 /* API.swift */ = {isa = PBXFileReference; lastKnownFileType = sourcecode.swift; path = API.swift; sourceTree = "<group>"; };
		85EF838623FEFBBF00F9AF77 /* NetworkHelper.swift */ = {isa = PBXFileReference; lastKnownFileType = sourcecode.swift; path = NetworkHelper.swift; sourceTree = "<group>"; };
		85EF838823FEFBC900F9AF77 /* ImageHelper.swift */ = {isa = PBXFileReference; lastKnownFileType = sourcecode.swift; path = ImageHelper.swift; sourceTree = "<group>"; };
		85EF838C23FEFEB000F9AF77 /* rijks.json */ = {isa = PBXFileReference; lastKnownFileType = text.json; path = rijks.json; sourceTree = "<group>"; };
		85EF838E23FF330800F9AF77 /* LoginView.swift */ = {isa = PBXFileReference; lastKnownFileType = sourcecode.swift; path = LoginView.swift; sourceTree = "<group>"; };
		A24BFEC8610CF81BA1EEA9E0 /* Pods-ReDoCTA.debug.xcconfig */ = {isa = PBXFileReference; includeInIndex = 1; lastKnownFileType = text.xcconfig; name = "Pods-ReDoCTA.debug.xcconfig"; path = "Target Support Files/Pods-ReDoCTA/Pods-ReDoCTA.debug.xcconfig"; sourceTree = "<group>"; };
		A75075724C22E0F17C241F5F /* Pods_ReDoCTATests.framework */ = {isa = PBXFileReference; explicitFileType = wrapper.framework; includeInIndex = 0; path = Pods_ReDoCTATests.framework; sourceTree = BUILT_PRODUCTS_DIR; };
		C3122BE9CE6E7244438EC183 /* Pods-ReDoCTA.release.xcconfig */ = {isa = PBXFileReference; includeInIndex = 1; lastKnownFileType = text.xcconfig; name = "Pods-ReDoCTA.release.xcconfig"; path = "Target Support Files/Pods-ReDoCTA/Pods-ReDoCTA.release.xcconfig"; sourceTree = "<group>"; };
		E09F724FF91B77667DF5B635 /* Pods-ReDoCTATests.debug.xcconfig */ = {isa = PBXFileReference; includeInIndex = 1; lastKnownFileType = text.xcconfig; name = "Pods-ReDoCTATests.debug.xcconfig"; path = "Target Support Files/Pods-ReDoCTATests/Pods-ReDoCTATests.debug.xcconfig"; sourceTree = "<group>"; };
/* End PBXFileReference section */

/* Begin PBXFrameworksBuildPhase section */
		85594DDE23FEE79600F0B0D1 /* Frameworks */ = {
			isa = PBXFrameworksBuildPhase;
			buildActionMask = 2147483647;
			files = (
				6C6AFC578E01756867CB7E2B /* Pods_ReDoCTA.framework in Frameworks */,
			);
			runOnlyForDeploymentPostprocessing = 0;
		};
		85594DF723FEE79E00F0B0D1 /* Frameworks */ = {
			isa = PBXFrameworksBuildPhase;
			buildActionMask = 2147483647;
			files = (
				7CEC1DAACD2832A8C7BEA5D8 /* Pods_ReDoCTATests.framework in Frameworks */,
			);
			runOnlyForDeploymentPostprocessing = 0;
		};
/* End PBXFrameworksBuildPhase section */

/* Begin PBXGroup section */
		1D5B8ECA685ADE3CC42EC414 /* Frameworks */ = {
			isa = PBXGroup;
			children = (
				09234D911A298B9FE134A1F4 /* Pods_ReDoCTA.framework */,
				A75075724C22E0F17C241F5F /* Pods_ReDoCTATests.framework */,
			);
			name = Frameworks;
			sourceTree = "<group>";
		};
		85594DD823FEE79600F0B0D1 = {
			isa = PBXGroup;
			children = (
				85594DE323FEE79600F0B0D1 /* ReDoCTA */,
				85594DFD23FEE79E00F0B0D1 /* ReDoCTATests */,
				85594DE223FEE79600F0B0D1 /* Products */,
				CDFF6047190A573103EF9DEA /* Pods */,
				1D5B8ECA685ADE3CC42EC414 /* Frameworks */,
			);
			sourceTree = "<group>";
		};
		85594DE223FEE79600F0B0D1 /* Products */ = {
			isa = PBXGroup;
			children = (
				85594DE123FEE79600F0B0D1 /* ReDoCTA.app */,
				85594DFA23FEE79E00F0B0D1 /* ReDoCTATests.xctest */,
			);
			name = Products;
			sourceTree = "<group>";
		};
		85594DE323FEE79600F0B0D1 /* ReDoCTA */ = {
			isa = PBXGroup;
			children = (
				85594E0923FEE93D00F0B0D1 /* Secrets.swift */,
				85594E0F23FEEEA700F0B0D1 /* Model */,
				85EF838423FEFB5300F9AF77 /* View */,
				85594E0E23FEEDD600F0B0D1 /* ViewControllers */,
				85EF838523FEFBAC00F9AF77 /* NetWork */,
				85EF837723FEF7C000F9AF77 /* FireBase */,
				85594E0D23FEEDA500F0B0D1 /* Supporting Files */,
			);
			path = ReDoCTA;
			sourceTree = "<group>";
		};
		85594DFD23FEE79E00F0B0D1 /* ReDoCTATests */ = {
			isa = PBXGroup;
			children = (
				85594DFE23FEE79E00F0B0D1 /* ReDoCTATests.swift */,
				85EF838C23FEFEB000F9AF77 /* rijks.json */,
				85594E0023FEE79E00F0B0D1 /* Info.plist */,
			);
			path = ReDoCTATests;
			sourceTree = "<group>";
		};
		85594E0D23FEEDA500F0B0D1 /* Supporting Files */ = {
			isa = PBXGroup;
			children = (
				85594DE423FEE79600F0B0D1 /* AppDelegate.swift */,
				85594DE623FEE79600F0B0D1 /* SceneDelegate.swift */,
				85594DED23FEE79600F0B0D1 /* ReDoCTA.xcdatamodeld */,
				85594E0B23FEEB6A00F0B0D1 /* GoogleService-Info.plist */,
				85594DF523FEE79E00F0B0D1 /* Info.plist */,
				85594DF223FEE79E00F0B0D1 /* LaunchScreen.storyboard */,
				85594DF023FEE79E00F0B0D1 /* Assets.xcassets */,
			);
			name = "Supporting Files";
			sourceTree = "<group>";
		};
		85594E0E23FEEDD600F0B0D1 /* ViewControllers */ = {
			isa = PBXGroup;
			children = (
				85594DE823FEE79600F0B0D1 /* LogIn.swift */,
				85EF838023FEFA8D00F9AF77 /* CreateAccountViewController.swift */,
				85EF837E23FEF8BB00F9AF77 /* ThingsFromOnlineViewController.swift */,
				855556822405B65100839CD0 /* DetailViewController.swift */,
				85EF837C23FEF89600F9AF77 /* FavoriteViewController.swift */,
			);
			path = ViewControllers;
			sourceTree = "<group>";
		};
		85594E0F23FEEEA700F0B0D1 /* Model */ = {
			isa = PBXGroup;
			children = (
				85594E1023FEEEBB00F0B0D1 /* User.swift */,
				85EF838223FEFAAE00F9AF77 /* API.swift */,
				85EF837323FEF63400F9AF77 /* UpdateUserData.swift */,
				85594E1223FEEEE800F0B0D1 /* Alert.swift */,
			);
			name = Model;
			sourceTree = "<group>";
		};
		85EF837723FEF7C000F9AF77 /* FireBase */ = {
			isa = PBXGroup;
			children = (
				85EF837823FEF7DC00F9AF77 /* FirebaseAuth.swift */,
				85EF837A23FEF7E900F9AF77 /* FirebaseService.swift */,
			);
			name = FireBase;
			path = ViewControllers;
			sourceTree = "<group>";
		};
		85EF838423FEFB5300F9AF77 /* View */ = {
			isa = PBXGroup;
			children = (
				85EF837523FEF75400F9AF77 /* TabBar.swift */,
				85EF838E23FF330800F9AF77 /* LoginView.swift */,
				855556802405B5C400839CD0 /* ThingsOnlineTableViewCell.swift */,
			);
			path = View;
			sourceTree = "<group>";
		};
		85EF838523FEFBAC00F9AF77 /* NetWork */ = {
			isa = PBXGroup;
			children = (
				85EF838623FEFBBF00F9AF77 /* NetworkHelper.swift */,
				85EF838823FEFBC900F9AF77 /* ImageHelper.swift */,
			);
			path = NetWork;
			sourceTree = "<group>";
		};
		CDFF6047190A573103EF9DEA /* Pods */ = {
			isa = PBXGroup;
			children = (
				A24BFEC8610CF81BA1EEA9E0 /* Pods-ReDoCTA.debug.xcconfig */,
				C3122BE9CE6E7244438EC183 /* Pods-ReDoCTA.release.xcconfig */,
				E09F724FF91B77667DF5B635 /* Pods-ReDoCTATests.debug.xcconfig */,
				70971F648B1AD8532DD74811 /* Pods-ReDoCTATests.release.xcconfig */,
			);
			path = Pods;
			sourceTree = "<group>";
		};
/* End PBXGroup section */

/* Begin PBXNativeTarget section */
		85594DE023FEE79600F0B0D1 /* ReDoCTA */ = {
			isa = PBXNativeTarget;
			buildConfigurationList = 85594E0323FEE79E00F0B0D1 /* Build configuration list for PBXNativeTarget "ReDoCTA" */;
			buildPhases = (
				889696026EEBA8E48B1E20E6 /* [CP] Check Pods Manifest.lock */,
				85594DDD23FEE79600F0B0D1 /* Sources */,
				85594DDE23FEE79600F0B0D1 /* Frameworks */,
				85594DDF23FEE79600F0B0D1 /* Resources */,
				33B7F49C5CD730783B10BBC1 /* [CP] Embed Pods Frameworks */,
			);
			buildRules = (
			);
			dependencies = (
			);
			name = ReDoCTA;
			productName = ReDoCTA;
			productReference = 85594DE123FEE79600F0B0D1 /* ReDoCTA.app */;
			productType = "com.apple.product-type.application";
		};
		85594DF923FEE79E00F0B0D1 /* ReDoCTATests */ = {
			isa = PBXNativeTarget;
			buildConfigurationList = 85594E0623FEE79E00F0B0D1 /* Build configuration list for PBXNativeTarget "ReDoCTATests" */;
			buildPhases = (
				796622A04832CBBD40A4A7F9 /* [CP] Check Pods Manifest.lock */,
				85594DF623FEE79E00F0B0D1 /* Sources */,
				85594DF723FEE79E00F0B0D1 /* Frameworks */,
				85594DF823FEE79E00F0B0D1 /* Resources */,
			);
			buildRules = (
			);
			dependencies = (
				85594DFC23FEE79E00F0B0D1 /* PBXTargetDependency */,
			);
			name = ReDoCTATests;
			productName = ReDoCTATests;
			productReference = 85594DFA23FEE79E00F0B0D1 /* ReDoCTATests.xctest */;
			productType = "com.apple.product-type.bundle.unit-test";
		};
/* End PBXNativeTarget section */

/* Begin PBXProject section */
		85594DD923FEE79600F0B0D1 /* Project object */ = {
			isa = PBXProject;
			attributes = {
				LastSwiftUpdateCheck = 1130;
				LastUpgradeCheck = 1130;
				ORGANIZATIONNAME = EricM;
				TargetAttributes = {
					85594DE023FEE79600F0B0D1 = {
						CreatedOnToolsVersion = 11.3.1;
					};
					85594DF923FEE79E00F0B0D1 = {
						CreatedOnToolsVersion = 11.3.1;
						TestTargetID = 85594DE023FEE79600F0B0D1;
					};
				};
			};
			buildConfigurationList = 85594DDC23FEE79600F0B0D1 /* Build configuration list for PBXProject "ReDoCTA" */;
			compatibilityVersion = "Xcode 9.3";
			developmentRegion = en;
			hasScannedForEncodings = 0;
			knownRegions = (
				en,
				Base,
			);
			mainGroup = 85594DD823FEE79600F0B0D1;
			productRefGroup = 85594DE223FEE79600F0B0D1 /* Products */;
			projectDirPath = "";
			projectRoot = "";
			targets = (
				85594DE023FEE79600F0B0D1 /* ReDoCTA */,
				85594DF923FEE79E00F0B0D1 /* ReDoCTATests */,
			);
		};
/* End PBXProject section */

/* Begin PBXResourcesBuildPhase section */
		85594DDF23FEE79600F0B0D1 /* Resources */ = {
			isa = PBXResourcesBuildPhase;
			buildActionMask = 2147483647;
			files = (
				85594DF423FEE79E00F0B0D1 /* LaunchScreen.storyboard in Resources */,
				85594E0C23FEEB6A00F0B0D1 /* GoogleService-Info.plist in Resources */,
				85594DF123FEE79E00F0B0D1 /* Assets.xcassets in Resources */,
			);
			runOnlyForDeploymentPostprocessing = 0;
		};
		85594DF823FEE79E00F0B0D1 /* Resources */ = {
			isa = PBXResourcesBuildPhase;
			buildActionMask = 2147483647;
			files = (
				85EF838D23FEFEB000F9AF77 /* rijks.json in Resources */,
			);
			runOnlyForDeploymentPostprocessing = 0;
		};
/* End PBXResourcesBuildPhase section */

/* Begin PBXShellScriptBuildPhase section */
		33B7F49C5CD730783B10BBC1 /* [CP] Embed Pods Frameworks */ = {
			isa = PBXShellScriptBuildPhase;
			buildActionMask = 2147483647;
			files = (
			);
			inputFileListPaths = (
				"${PODS_ROOT}/Target Support Files/Pods-ReDoCTA/Pods-ReDoCTA-frameworks-${CONFIGURATION}-input-files.xcfilelist",
			);
			name = "[CP] Embed Pods Frameworks";
			outputFileListPaths = (
				"${PODS_ROOT}/Target Support Files/Pods-ReDoCTA/Pods-ReDoCTA-frameworks-${CONFIGURATION}-output-files.xcfilelist",
			);
			runOnlyForDeploymentPostprocessing = 0;
			shellPath = /bin/sh;
			shellScript = "\"${PODS_ROOT}/Target Support Files/Pods-ReDoCTA/Pods-ReDoCTA-frameworks.sh\"\n";
			showEnvVarsInLog = 0;
		};
		796622A04832CBBD40A4A7F9 /* [CP] Check Pods Manifest.lock */ = {
			isa = PBXShellScriptBuildPhase;
			buildActionMask = 2147483647;
			files = (
			);
			inputFileListPaths = (
			);
			inputPaths = (
				"${PODS_PODFILE_DIR_PATH}/Podfile.lock",
				"${PODS_ROOT}/Manifest.lock",
			);
			name = "[CP] Check Pods Manifest.lock";
			outputFileListPaths = (
			);
			outputPaths = (
				"$(DERIVED_FILE_DIR)/Pods-ReDoCTATests-checkManifestLockResult.txt",
			);
			runOnlyForDeploymentPostprocessing = 0;
			shellPath = /bin/sh;
			shellScript = "diff \"${PODS_PODFILE_DIR_PATH}/Podfile.lock\" \"${PODS_ROOT}/Manifest.lock\" > /dev/null\nif [ $? != 0 ] ; then\n    # print error to STDERR\n    echo \"error: The sandbox is not in sync with the Podfile.lock. Run 'pod install' or update your CocoaPods installation.\" >&2\n    exit 1\nfi\n# This output is used by Xcode 'outputs' to avoid re-running this script phase.\necho \"SUCCESS\" > \"${SCRIPT_OUTPUT_FILE_0}\"\n";
			showEnvVarsInLog = 0;
		};
		889696026EEBA8E48B1E20E6 /* [CP] Check Pods Manifest.lock */ = {
			isa = PBXShellScriptBuildPhase;
			buildActionMask = 2147483647;
			files = (
			);
			inputFileListPaths = (
			);
			inputPaths = (
				"${PODS_PODFILE_DIR_PATH}/Podfile.lock",
				"${PODS_ROOT}/Manifest.lock",
			);
			name = "[CP] Check Pods Manifest.lock";
			outputFileListPaths = (
			);
			outputPaths = (
				"$(DERIVED_FILE_DIR)/Pods-ReDoCTA-checkManifestLockResult.txt",
			);
			runOnlyForDeploymentPostprocessing = 0;
			shellPath = /bin/sh;
			shellScript = "diff \"${PODS_PODFILE_DIR_PATH}/Podfile.lock\" \"${PODS_ROOT}/Manifest.lock\" > /dev/null\nif [ $? != 0 ] ; then\n    # print error to STDERR\n    echo \"error: The sandbox is not in sync with the Podfile.lock. Run 'pod install' or update your CocoaPods installation.\" >&2\n    exit 1\nfi\n# This output is used by Xcode 'outputs' to avoid re-running this script phase.\necho \"SUCCESS\" > \"${SCRIPT_OUTPUT_FILE_0}\"\n";
			showEnvVarsInLog = 0;
		};
/* End PBXShellScriptBuildPhase section */

/* Begin PBXSourcesBuildPhase section */
		85594DDD23FEE79600F0B0D1 /* Sources */ = {
			isa = PBXSourcesBuildPhase;
			buildActionMask = 2147483647;
			files = (
				85EF838123FEFA8D00F9AF77 /* CreateAccountViewController.swift in Sources */,
				85EF837623FEF75400F9AF77 /* TabBar.swift in Sources */,
				85594DE923FEE79600F0B0D1 /* LogIn.swift in Sources */,
				85EF837B23FEF7E900F9AF77 /* FirebaseService.swift in Sources */,
				85EF838323FEFAAE00F9AF77 /* API.swift in Sources */,
				85EF837923FEF7DC00F9AF77 /* FirebaseAuth.swift in Sources */,
				85594E0A23FEE93D00F0B0D1 /* Secrets.swift in Sources */,
				855556832405B65100839CD0 /* DetailViewController.swift in Sources */,
				85EF837F23FEF8BB00F9AF77 /* ThingsFromOnlineViewController.swift in Sources */,
				85EF838723FEFBBF00F9AF77 /* NetworkHelper.swift in Sources */,
				85594E1123FEEEBB00F0B0D1 /* User.swift in Sources */,
				85EF837423FEF63400F9AF77 /* UpdateUserData.swift in Sources */,
				85594DE523FEE79600F0B0D1 /* AppDelegate.swift in Sources */,
				85EF838F23FF330800F9AF77 /* LoginView.swift in Sources */,
				85594DEF23FEE79600F0B0D1 /* ReDoCTA.xcdatamodeld in Sources */,
				85594DE723FEE79600F0B0D1 /* SceneDelegate.swift in Sources */,
				855556812405B5C400839CD0 /* ThingsOnlineTableViewCell.swift in Sources */,
				85EF837D23FEF89600F9AF77 /* FavoriteViewController.swift in Sources */,
				85594E1323FEEEE800F0B0D1 /* Alert.swift in Sources */,
				85EF838923FEFBC900F9AF77 /* ImageHelper.swift in Sources */,
			);
			runOnlyForDeploymentPostprocessing = 0;
		};
		85594DF623FEE79E00F0B0D1 /* Sources */ = {
			isa = PBXSourcesBuildPhase;
			buildActionMask = 2147483647;
			files = (
				85594DFF23FEE79E00F0B0D1 /* ReDoCTATests.swift in Sources */,
			);
			runOnlyForDeploymentPostprocessing = 0;
		};
/* End PBXSourcesBuildPhase section */

/* Begin PBXTargetDependency section */
		85594DFC23FEE79E00F0B0D1 /* PBXTargetDependency */ = {
			isa = PBXTargetDependency;
			target = 85594DE023FEE79600F0B0D1 /* ReDoCTA */;
			targetProxy = 85594DFB23FEE79E00F0B0D1 /* PBXContainerItemProxy */;
		};
/* End PBXTargetDependency section */

/* Begin PBXVariantGroup section */
		85594DF223FEE79E00F0B0D1 /* LaunchScreen.storyboard */ = {
			isa = PBXVariantGroup;
			children = (
				85594DF323FEE79E00F0B0D1 /* Base */,
			);
			name = LaunchScreen.storyboard;
			sourceTree = "<group>";
		};
/* End PBXVariantGroup section */

/* Begin XCBuildConfiguration section */
		85594E0123FEE79E00F0B0D1 /* Debug */ = {
			isa = XCBuildConfiguration;
			buildSettings = {
				ALWAYS_SEARCH_USER_PATHS = NO;
				CLANG_ANALYZER_NONNULL = YES;
				CLANG_ANALYZER_NUMBER_OBJECT_CONVERSION = YES_AGGRESSIVE;
				CLANG_CXX_LANGUAGE_STANDARD = "gnu++14";
				CLANG_CXX_LIBRARY = "libc++";
				CLANG_ENABLE_MODULES = YES;
				CLANG_ENABLE_OBJC_ARC = YES;
				CLANG_ENABLE_OBJC_WEAK = YES;
				CLANG_WARN_BLOCK_CAPTURE_AUTORELEASING = YES;
				CLANG_WARN_BOOL_CONVERSION = YES;
				CLANG_WARN_COMMA = YES;
				CLANG_WARN_CONSTANT_CONVERSION = YES;
				CLANG_WARN_DEPRECATED_OBJC_IMPLEMENTATIONS = YES;
				CLANG_WARN_DIRECT_OBJC_ISA_USAGE = YES_ERROR;
				CLANG_WARN_DOCUMENTATION_COMMENTS = YES;
				CLANG_WARN_EMPTY_BODY = YES;
				CLANG_WARN_ENUM_CONVERSION = YES;
				CLANG_WARN_INFINITE_RECURSION = YES;
				CLANG_WARN_INT_CONVERSION = YES;
				CLANG_WARN_NON_LITERAL_NULL_CONVERSION = YES;
				CLANG_WARN_OBJC_IMPLICIT_RETAIN_SELF = YES;
				CLANG_WARN_OBJC_LITERAL_CONVERSION = YES;
				CLANG_WARN_OBJC_ROOT_CLASS = YES_ERROR;
				CLANG_WARN_RANGE_LOOP_ANALYSIS = YES;
				CLANG_WARN_STRICT_PROTOTYPES = YES;
				CLANG_WARN_SUSPICIOUS_MOVE = YES;
				CLANG_WARN_UNGUARDED_AVAILABILITY = YES_AGGRESSIVE;
				CLANG_WARN_UNREACHABLE_CODE = YES;
				CLANG_WARN__DUPLICATE_METHOD_MATCH = YES;
				COPY_PHASE_STRIP = NO;
				DEBUG_INFORMATION_FORMAT = dwarf;
				ENABLE_STRICT_OBJC_MSGSEND = YES;
				ENABLE_TESTABILITY = YES;
				GCC_C_LANGUAGE_STANDARD = gnu11;
				GCC_DYNAMIC_NO_PIC = NO;
				GCC_NO_COMMON_BLOCKS = YES;
				GCC_OPTIMIZATION_LEVEL = 0;
				GCC_PREPROCESSOR_DEFINITIONS = (
					"DEBUG=1",
					"$(inherited)",
				);
				GCC_WARN_64_TO_32_BIT_CONVERSION = YES;
				GCC_WARN_ABOUT_RETURN_TYPE = YES_ERROR;
				GCC_WARN_UNDECLARED_SELECTOR = YES;
				GCC_WARN_UNINITIALIZED_AUTOS = YES_AGGRESSIVE;
				GCC_WARN_UNUSED_FUNCTION = YES;
				GCC_WARN_UNUSED_VARIABLE = YES;
				IPHONEOS_DEPLOYMENT_TARGET = 13.2;
				MTL_ENABLE_DEBUG_INFO = INCLUDE_SOURCE;
				MTL_FAST_MATH = YES;
				ONLY_ACTIVE_ARCH = YES;
				SDKROOT = iphoneos;
				SWIFT_ACTIVE_COMPILATION_CONDITIONS = DEBUG;
				SWIFT_OPTIMIZATION_LEVEL = "-Onone";
			};
			name = Debug;
		};
		85594E0223FEE79E00F0B0D1 /* Release */ = {
			isa = XCBuildConfiguration;
			buildSettings = {
				ALWAYS_SEARCH_USER_PATHS = NO;
				CLANG_ANALYZER_NONNULL = YES;
				CLANG_ANALYZER_NUMBER_OBJECT_CONVERSION = YES_AGGRESSIVE;
				CLANG_CXX_LANGUAGE_STANDARD = "gnu++14";
				CLANG_CXX_LIBRARY = "libc++";
				CLANG_ENABLE_MODULES = YES;
				CLANG_ENABLE_OBJC_ARC = YES;
				CLANG_ENABLE_OBJC_WEAK = YES;
				CLANG_WARN_BLOCK_CAPTURE_AUTORELEASING = YES;
				CLANG_WARN_BOOL_CONVERSION = YES;
				CLANG_WARN_COMMA = YES;
				CLANG_WARN_CONSTANT_CONVERSION = YES;
				CLANG_WARN_DEPRECATED_OBJC_IMPLEMENTATIONS = YES;
				CLANG_WARN_DIRECT_OBJC_ISA_USAGE = YES_ERROR;
				CLANG_WARN_DOCUMENTATION_COMMENTS = YES;
				CLANG_WARN_EMPTY_BODY = YES;
				CLANG_WARN_ENUM_CONVERSION = YES;
				CLANG_WARN_INFINITE_RECURSION = YES;
				CLANG_WARN_INT_CONVERSION = YES;
				CLANG_WARN_NON_LITERAL_NULL_CONVERSION = YES;
				CLANG_WARN_OBJC_IMPLICIT_RETAIN_SELF = YES;
				CLANG_WARN_OBJC_LITERAL_CONVERSION = YES;
				CLANG_WARN_OBJC_ROOT_CLASS = YES_ERROR;
				CLANG_WARN_RANGE_LOOP_ANALYSIS = YES;
				CLANG_WARN_STRICT_PROTOTYPES = YES;
				CLANG_WARN_SUSPICIOUS_MOVE = YES;
				CLANG_WARN_UNGUARDED_AVAILABILITY = YES_AGGRESSIVE;
				CLANG_WARN_UNREACHABLE_CODE = YES;
				CLANG_WARN__DUPLICATE_METHOD_MATCH = YES;
				COPY_PHASE_STRIP = NO;
				DEBUG_INFORMATION_FORMAT = "dwarf-with-dsym";
				ENABLE_NS_ASSERTIONS = NO;
				ENABLE_STRICT_OBJC_MSGSEND = YES;
				GCC_C_LANGUAGE_STANDARD = gnu11;
				GCC_NO_COMMON_BLOCKS = YES;
				GCC_WARN_64_TO_32_BIT_CONVERSION = YES;
				GCC_WARN_ABOUT_RETURN_TYPE = YES_ERROR;
				GCC_WARN_UNDECLARED_SELECTOR = YES;
				GCC_WARN_UNINITIALIZED_AUTOS = YES_AGGRESSIVE;
				GCC_WARN_UNUSED_FUNCTION = YES;
				GCC_WARN_UNUSED_VARIABLE = YES;
				IPHONEOS_DEPLOYMENT_TARGET = 13.2;
				MTL_ENABLE_DEBUG_INFO = NO;
				MTL_FAST_MATH = YES;
				SDKROOT = iphoneos;
				SWIFT_COMPILATION_MODE = wholemodule;
				SWIFT_OPTIMIZATION_LEVEL = "-O";
				VALIDATE_PRODUCT = YES;
			};
			name = Release;
		};
		85594E0423FEE79E00F0B0D1 /* Debug */ = {
			isa = XCBuildConfiguration;
			baseConfigurationReference = A24BFEC8610CF81BA1EEA9E0 /* Pods-ReDoCTA.debug.xcconfig */;
			buildSettings = {
				ASSETCATALOG_COMPILER_APPICON_NAME = AppIcon;
				CODE_SIGN_STYLE = Automatic;
				INFOPLIST_FILE = ReDoCTA/Info.plist;
				LD_RUNPATH_SEARCH_PATHS = (
					"$(inherited)",
					"@executable_path/Frameworks",
				);
				PRODUCT_BUNDLE_IDENTIFIER = practice.ReDoCTA;
				PRODUCT_NAME = "$(TARGET_NAME)";
				SWIFT_VERSION = 5.0;
				TARGETED_DEVICE_FAMILY = "1,2";
			};
			name = Debug;
		};
		85594E0523FEE79E00F0B0D1 /* Release */ = {
			isa = XCBuildConfiguration;
			baseConfigurationReference = C3122BE9CE6E7244438EC183 /* Pods-ReDoCTA.release.xcconfig */;
			buildSettings = {
				ASSETCATALOG_COMPILER_APPICON_NAME = AppIcon;
				CODE_SIGN_STYLE = Automatic;
				INFOPLIST_FILE = ReDoCTA/Info.plist;
				LD_RUNPATH_SEARCH_PATHS = (
					"$(inherited)",
					"@executable_path/Frameworks",
				);
				PRODUCT_BUNDLE_IDENTIFIER = practice.ReDoCTA;
				PRODUCT_NAME = "$(TARGET_NAME)";
				SWIFT_VERSION = 5.0;
				TARGETED_DEVICE_FAMILY = "1,2";
			};
			name = Release;
		};
		85594E0723FEE79E00F0B0D1 /* Debug */ = {
			isa = XCBuildConfiguration;
			baseConfigurationReference = E09F724FF91B77667DF5B635 /* Pods-ReDoCTATests.debug.xcconfig */;
			buildSettings = {
				ALWAYS_EMBED_SWIFT_STANDARD_LIBRARIES = YES;
				BUNDLE_LOADER = "$(TEST_HOST)";
				CODE_SIGN_STYLE = Automatic;
				INFOPLIST_FILE = ReDoCTATests/Info.plist;
				IPHONEOS_DEPLOYMENT_TARGET = 13.2;
				LD_RUNPATH_SEARCH_PATHS = (
					"$(inherited)",
					"@executable_path/Frameworks",
					"@loader_path/Frameworks",
				);
				PRODUCT_BUNDLE_IDENTIFIER = practice.ReDoCTATests;
				PRODUCT_NAME = "$(TARGET_NAME)";
				SWIFT_VERSION = 5.0;
				TARGETED_DEVICE_FAMILY = "1,2";
				TEST_HOST = "$(BUILT_PRODUCTS_DIR)/ReDoCTA.app/ReDoCTA";
			};
			name = Debug;
		};
		85594E0823FEE79E00F0B0D1 /* Release */ = {
			isa = XCBuildConfiguration;
			baseConfigurationReference = 70971F648B1AD8532DD74811 /* Pods-ReDoCTATests.release.xcconfig */;
			buildSettings = {
				ALWAYS_EMBED_SWIFT_STANDARD_LIBRARIES = YES;
				BUNDLE_LOADER = "$(TEST_HOST)";
				CODE_SIGN_STYLE = Automatic;
				INFOPLIST_FILE = ReDoCTATests/Info.plist;
				IPHONEOS_DEPLOYMENT_TARGET = 13.2;
				LD_RUNPATH_SEARCH_PATHS = (
					"$(inherited)",
					"@executable_path/Frameworks",
					"@loader_path/Frameworks",
				);
				PRODUCT_BUNDLE_IDENTIFIER = practice.ReDoCTATests;
				PRODUCT_NAME = "$(TARGET_NAME)";
				SWIFT_VERSION = 5.0;
				TARGETED_DEVICE_FAMILY = "1,2";
				TEST_HOST = "$(BUILT_PRODUCTS_DIR)/ReDoCTA.app/ReDoCTA";
			};
			name = Release;
		};
/* End XCBuildConfiguration section */

/* Begin XCConfigurationList section */
		85594DDC23FEE79600F0B0D1 /* Build configuration list for PBXProject "ReDoCTA" */ = {
			isa = XCConfigurationList;
			buildConfigurations = (
				85594E0123FEE79E00F0B0D1 /* Debug */,
				85594E0223FEE79E00F0B0D1 /* Release */,
			);
			defaultConfigurationIsVisible = 0;
			defaultConfigurationName = Release;
		};
		85594E0323FEE79E00F0B0D1 /* Build configuration list for PBXNativeTarget "ReDoCTA" */ = {
			isa = XCConfigurationList;
			buildConfigurations = (
				85594E0423FEE79E00F0B0D1 /* Debug */,
				85594E0523FEE79E00F0B0D1 /* Release */,
			);
			defaultConfigurationIsVisible = 0;
			defaultConfigurationName = Release;
		};
		85594E0623FEE79E00F0B0D1 /* Build configuration list for PBXNativeTarget "ReDoCTATests" */ = {
			isa = XCConfigurationList;
			buildConfigurations = (
				85594E0723FEE79E00F0B0D1 /* Debug */,
				85594E0823FEE79E00F0B0D1 /* Release */,
			);
			defaultConfigurationIsVisible = 0;
			defaultConfigurationName = Release;
		};
/* End XCConfigurationList section */

/* Begin XCVersionGroup section */
		85594DED23FEE79600F0B0D1 /* ReDoCTA.xcdatamodeld */ = {
			isa = XCVersionGroup;
			children = (
				85594DEE23FEE79600F0B0D1 /* ReDoCTA.xcdatamodel */,
			);
			currentVersion = 85594DEE23FEE79600F0B0D1 /* ReDoCTA.xcdatamodel */;
			path = ReDoCTA.xcdatamodeld;
			sourceTree = "<group>";
			versionGroupType = wrapper.xcdatamodel;
		};
/* End XCVersionGroup section */
	};
	rootObject = 85594DD923FEE79600F0B0D1 /* Project object */;
}
